// !$*UTF8*$!
{
	archiveVersion = 1;
	classes = {
	};
	objectVersion = 48;
	objects = {

/* Begin PBXBuildFile section */
		2D0258A3217667C5002189F0 /* AppDelegate.swift in Sources */ = {isa = PBXBuildFile; fileRef = 2D0258A2217667C5002189F0 /* AppDelegate.swift */; };
		2D0258A5217667C5002189F0 /* ViewController.swift in Sources */ = {isa = PBXBuildFile; fileRef = 2D0258A4217667C5002189F0 /* ViewController.swift */; };
		2D0258A8217667C5002189F0 /* Main.storyboard in Resources */ = {isa = PBXBuildFile; fileRef = 2D0258A6217667C5002189F0 /* Main.storyboard */; };
		2D0258AA217667C5002189F0 /* Assets.xcassets in Resources */ = {isa = PBXBuildFile; fileRef = 2D0258A9217667C5002189F0 /* Assets.xcassets */; };
		2D0601B92177C88500F5797D /* ProgressHUD.h in Sources */ = {isa = PBXBuildFile; fileRef = 2D0601B62177C85900F5797D /* ProgressHUD.h */; };
		2D0601BA2177C88500F5797D /* ProgressHUD.m in Sources */ = {isa = PBXBuildFile; fileRef = 2D0601B72177C85900F5797D /* ProgressHUD.m */; };
		2D0601BB2177C88500F5797D /* Capitals & Countries Quiz-Bridging-Header.h in Sources */ = {isa = PBXBuildFile; fileRef = 2D4D95AF21767DF0002ECBF5 /* Capitals & Countries Quiz-Bridging-Header.h */; };
		2D0601BC2177C88E00F5797D /* ProgressHUD.bundle in Resources */ = {isa = PBXBuildFile; fileRef = 2D0601B82177C85900F5797D /* ProgressHUD.bundle */; };
		2D4D95AA2176693B002ECBF5 /* MainViewController.swift in Sources */ = {isa = PBXBuildFile; fileRef = 2D4D95A92176693B002ECBF5 /* MainViewController.swift */; };
		2D4D95AC21766952002ECBF5 /* Question.swift in Sources */ = {isa = PBXBuildFile; fileRef = 2D4D95AB21766952002ECBF5 /* Question.swift */; };
		2D4D95AE21766969002ECBF5 /* QuestionBank.swift in Sources */ = {isa = PBXBuildFile; fileRef = 2D4D95AD21766969002ECBF5 /* QuestionBank.swift */; };
		A877F2D755DC1A0C35C86A4E /* Pods_Capitals___Countries_Quiz.framework in Frameworks */ = {isa = PBXBuildFile; fileRef = 376036582D293F31B204F09B /* Pods_Capitals___Countries_Quiz.framework */; };
/* End PBXBuildFile section */

/* Begin PBXFileReference section */
		2D02589F217667C5002189F0 /* Capitals & Countries Quiz.app */ = {isa = PBXFileReference; explicitFileType = wrapper.application; includeInIndex = 0; path = "Capitals & Countries Quiz.app"; sourceTree = BUILT_PRODUCTS_DIR; };
		2D0258A2217667C5002189F0 /* AppDelegate.swift */ = {isa = PBXFileReference; lastKnownFileType = sourcecode.swift; path = AppDelegate.swift; sourceTree = "<group>"; };
		2D0258A4217667C5002189F0 /* ViewController.swift */ = {isa = PBXFileReference; lastKnownFileType = sourcecode.swift; path = ViewController.swift; sourceTree = "<group>"; };
		2D0258A7217667C5002189F0 /* Base */ = {isa = PBXFileReference; lastKnownFileType = file.storyboard; name = Base; path = Base.lproj/Main.storyboard; sourceTree = "<group>"; };
		2D0258A9217667C5002189F0 /* Assets.xcassets */ = {isa = PBXFileReference; lastKnownFileType = folder.assetcatalog; path = Assets.xcassets; sourceTree = "<group>"; };
		2D0258AE217667C5002189F0 /* Info.plist */ = {isa = PBXFileReference; lastKnownFileType = text.plist.xml; path = Info.plist; sourceTree = "<group>"; };
		2D0601B62177C85900F5797D /* ProgressHUD.h */ = {isa = PBXFileReference; lastKnownFileType = sourcecode.c.h; path = ProgressHUD.h; sourceTree = "<group>"; };
		2D0601B72177C85900F5797D /* ProgressHUD.m */ = {isa = PBXFileReference; lastKnownFileType = sourcecode.c.objc; path = ProgressHUD.m; sourceTree = "<group>"; };
		2D0601B82177C85900F5797D /* ProgressHUD.bundle */ = {isa = PBXFileReference; lastKnownFileType = "wrapper.plug-in"; path = ProgressHUD.bundle; sourceTree = "<group>"; };
		2D4D95A92176693B002ECBF5 /* MainViewController.swift */ = {isa = PBXFileReference; lastKnownFileType = sourcecode.swift; path = MainViewController.swift; sourceTree = "<group>"; };
		2D4D95AB21766952002ECBF5 /* Question.swift */ = {isa = PBXFileReference; lastKnownFileType = sourcecode.swift; path = Question.swift; sourceTree = "<group>"; };
		2D4D95AD21766969002ECBF5 /* QuestionBank.swift */ = {isa = PBXFileReference; lastKnownFileType = sourcecode.swift; path = QuestionBank.swift; sourceTree = "<group>"; };
		2D4D95AF21767DF0002ECBF5 /* Capitals & Countries Quiz-Bridging-Header.h */ = {isa = PBXFileReference; lastKnownFileType = sourcecode.c.h; path = "Capitals & Countries Quiz-Bridging-Header.h"; sourceTree = "<group>"; };
		2D4D95B321767F6B002ECBF5 /* SVProgressHUD.h */ = {isa = PBXFileReference; lastKnownFileType = sourcecode.c.h; path = SVProgressHUD.h; sourceTree = "<group>"; };
		2D4D95B421767F6B002ECBF5 /* SVProgressHUD.m */ = {isa = PBXFileReference; lastKnownFileType = sourcecode.c.objc; path = SVProgressHUD.m; sourceTree = "<group>"; };
		2D4D95B521767F6B002ECBF5 /* SVProgressHUD.bundle */ = {isa = PBXFileReference; lastKnownFileType = "wrapper.plug-in"; path = SVProgressHUD.bundle; sourceTree = "<group>"; };
		376036582D293F31B204F09B /* Pods_Capitals___Countries_Quiz.framework */ = {isa = PBXFileReference; explicitFileType = wrapper.framework; includeInIndex = 0; path = "Pods_Capitals___Countries_Quiz.framework"; sourceTree = BUILT_PRODUCTS_DIR; };
		6C841A05C36445DD6E089939 /* Pods-Capitals & Countries Quiz.debug.xcconfig */ = {isa = PBXFileReference; includeInIndex = 1; lastKnownFileType = text.xcconfig; name = "Pods-Capitals & Countries Quiz.debug.xcconfig"; path = "Pods/Target Support Files/Pods-Capitals & Countries Quiz/Pods-Capitals & Countries Quiz.debug.xcconfig"; sourceTree = "<group>"; };
		7DF7FC82693CF8E6176F527B /* Pods-Capitals & Countries Quiz.release.xcconfig */ = {isa = PBXFileReference; includeInIndex = 1; lastKnownFileType = text.xcconfig; name = "Pods-Capitals & Countries Quiz.release.xcconfig"; path = "Pods/Target Support Files/Pods-Capitals & Countries Quiz/Pods-Capitals & Countries Quiz.release.xcconfig"; sourceTree = "<group>"; };
/* End PBXFileReference section */

/* Begin PBXFrameworksBuildPhase section */
		2D02589C217667C5002189F0 /* Frameworks */ = {
			isa = PBXFrameworksBuildPhase;
			buildActionMask = 2147483647;
			files = (
				A877F2D755DC1A0C35C86A4E /* Pods_Capitals___Countries_Quiz.framework in Frameworks */,
			);
			runOnlyForDeploymentPostprocessing = 0;
		};
/* End PBXFrameworksBuildPhase section */

/* Begin PBXGroup section */
		2D025896217667C5002189F0 = {
			isa = PBXGroup;
			children = (
				2D0258A1217667C5002189F0 /* Capitals & Countries Quiz */,
				2D0258A0217667C5002189F0 /* Products */,
				99C75241FEB5F8BC2F32ADC3 /* Pods */,
				97B677378D93486774D97887 /* Frameworks */,
			);
			sourceTree = "<group>";
		};
		2D0258A0217667C5002189F0 /* Products */ = {
			isa = PBXGroup;
			children = (
				2D02589F217667C5002189F0 /* Capitals & Countries Quiz.app */,
			);
			name = Products;
			sourceTree = "<group>";
		};
		2D0258A1217667C5002189F0 /* Capitals & Countries Quiz */ = {
			isa = PBXGroup;
			children = (
				2D0258AE217667C5002189F0 /* Info.plist */,
				2D4D95A8217668D9002ECBF5 /* views */,
				2D0258B6217667F6002189F0 /* Controllers */,
				2D0258B5217667F0002189F0 /* Model */,
				2D0258B721766803002189F0 /* Supporting Files */,
			);
			path = "Capitals & Countries Quiz";
			sourceTree = "<group>";
		};
		2D0258B5217667F0002189F0 /* Model */ = {
			isa = PBXGroup;
			children = (
				2D4D95AB21766952002ECBF5 /* Question.swift */,
				2D4D95AD21766969002ECBF5 /* QuestionBank.swift */,
			);
			path = Model;
			sourceTree = "<group>";
		};
		2D0258B6217667F6002189F0 /* Controllers */ = {
			isa = PBXGroup;
			children = (
				2D0258A2217667C5002189F0 /* AppDelegate.swift */,
				2D0258A4217667C5002189F0 /* ViewController.swift */,
				2D4D95A92176693B002ECBF5 /* MainViewController.swift */,
			);
			path = Controllers;
			sourceTree = "<group>";
		};
		2D0258B721766803002189F0 /* Supporting Files */ = {
			isa = PBXGroup;
			children = (
				2D0601B82177C85900F5797D /* ProgressHUD.bundle */,
				2D0601B62177C85900F5797D /* ProgressHUD.h */,
				2D0601B72177C85900F5797D /* ProgressHUD.m */,
				2D4D95B521767F6B002ECBF5 /* SVProgressHUD.bundle */,
				2D4D95B321767F6B002ECBF5 /* SVProgressHUD.h */,
				2D4D95B421767F6B002ECBF5 /* SVProgressHUD.m */,
				2D4D95AF21767DF0002ECBF5 /* Capitals & Countries Quiz-Bridging-Header.h */,
			);
			path = "Supporting Files";
			sourceTree = "<group>";
		};
		2D4D95A8217668D9002ECBF5 /* views */ = {
			isa = PBXGroup;
			children = (
				2D0258A6217667C5002189F0 /* Main.storyboard */,
				2D0258A9217667C5002189F0 /* Assets.xcassets */,
			);
			path = views;
			sourceTree = "<group>";
		};
		97B677378D93486774D97887 /* Frameworks */ = {
			isa = PBXGroup;
			children = (
				376036582D293F31B204F09B /* Pods_Capitals___Countries_Quiz.framework */,
			);
			name = Frameworks;
			sourceTree = "<group>";
		};
		99C75241FEB5F8BC2F32ADC3 /* Pods */ = {
			isa = PBXGroup;
			children = (
				6C841A05C36445DD6E089939 /* Pods-Capitals & Countries Quiz.debug.xcconfig */,
				7DF7FC82693CF8E6176F527B /* Pods-Capitals & Countries Quiz.release.xcconfig */,
			);
			name = Pods;
			sourceTree = "<group>";
		};
/* End PBXGroup section */

/* Begin PBXNativeTarget section */
		2D02589E217667C5002189F0 /* Capitals & Countries Quiz */ = {
			isa = PBXNativeTarget;
			buildConfigurationList = 2D0258B1217667C5002189F0 /* Build configuration list for PBXNativeTarget "Capitals & Countries Quiz" */;
			buildPhases = (
				61488A77B990117AF0809CAF /* [CP] Check Pods Manifest.lock */,
				2D02589B217667C5002189F0 /* Sources */,
				2D02589C217667C5002189F0 /* Frameworks */,
				2D02589D217667C5002189F0 /* Resources */,
				D7D1AE1A3FDBFA9FF229C007 /* [CP] Embed Pods Frameworks */,
			);
			buildRules = (
			);
			dependencies = (
			);
			name = "Capitals & Countries Quiz";
			productName = "Capitals & Countries Quiz";
			productReference = 2D02589F217667C5002189F0 /* Capitals & Countries Quiz.app */;
			productType = "com.apple.product-type.application";
		};
/* End PBXNativeTarget section */

/* Begin PBXProject section */
		2D025897217667C5002189F0 /* Project object */ = {
			isa = PBXProject;
			attributes = {
				LastSwiftUpdateCheck = 0900;
				LastUpgradeCheck = 0900;
				ORGANIZATIONNAME = Ramy;
				TargetAttributes = {
					2D02589E217667C5002189F0 = {
						CreatedOnToolsVersion = 9.0;
						LastSwiftMigration = 0900;
						ProvisioningStyle = Automatic;
					};
				};
			};
			buildConfigurationList = 2D02589A217667C5002189F0 /* Build configuration list for PBXProject "Capitals & Countries Quiz" */;
			compatibilityVersion = "Xcode 8.0";
			developmentRegion = en;
			hasScannedForEncodings = 0;
			knownRegions = (
				en,
				Base,
			);
			mainGroup = 2D025896217667C5002189F0;
			productRefGroup = 2D0258A0217667C5002189F0 /* Products */;
			projectDirPath = "";
			projectRoot = "";
			targets = (
				2D02589E217667C5002189F0 /* Capitals & Countries Quiz */,
			);
		};
/* End PBXProject section */

/* Begin PBXResourcesBuildPhase section */
		2D02589D217667C5002189F0 /* Resources */ = {
			isa = PBXResourcesBuildPhase;
			buildActionMask = 2147483647;
			files = (
				2D0601BC2177C88E00F5797D /* ProgressHUD.bundle in Resources */,
				2D0258AA217667C5002189F0 /* Assets.xcassets in Resources */,
				2D0258A8217667C5002189F0 /* Main.storyboard in Resources */,
			);
			runOnlyForDeploymentPostprocessing = 0;
		};
/* End PBXResourcesBuildPhase section */

/* Begin PBXShellScriptBuildPhase section */
		61488A77B990117AF0809CAF /* [CP] Check Pods Manifest.lock */ = {
			isa = PBXShellScriptBuildPhase;
			buildActionMask = 2147483647;
			files = (
			);
			inputPaths = (
				"${PODS_PODFILE_DIR_PATH}/Podfile.lock",
				"${PODS_ROOT}/Manifest.lock",
			);
			name = "[CP] Check Pods Manifest.lock";
			outputPaths = (
				"$(DERIVED_FILE_DIR)/Pods-Capitals & Countries Quiz-checkManifestLockResult.txt",
			);
			runOnlyForDeploymentPostprocessing = 0;
			shellPath = /bin/sh;
			shellScript = "diff \"${PODS_PODFILE_DIR_PATH}/Podfile.lock\" \"${PODS_ROOT}/Manifest.lock\" > /dev/null\nif [ $? != 0 ] ; then\n    # print error to STDERR\n    echo \"error: The sandbox is not in sync with the Podfile.lock. Run 'pod install' or update your CocoaPods installation.\" >&2\n    exit 1\nfi\n# This output is used by Xcode 'outputs' to avoid re-running this script phase.\necho \"SUCCESS\" > \"${SCRIPT_OUTPUT_FILE_0}\"\n";
			showEnvVarsInLog = 0;
		};
		D7D1AE1A3FDBFA9FF229C007 /* [CP] Embed Pods Frameworks */ = {
			isa = PBXShellScriptBuildPhase;
			buildActionMask = 2147483647;
			files = (
			);
			inputPaths = (
				"${SRCROOT}/Pods/Target Support Files/Pods-Capitals & Countries Quiz/Pods-Capitals & Countries Quiz-frameworks.sh",
				"${BUILT_PRODUCTS_DIR}/TransitionButton/TransitionButton.framework",
			);
			name = "[CP] Embed Pods Frameworks";
			outputPaths = (
				"${TARGET_BUILD_DIR}/${FRAMEWORKS_FOLDER_PATH}/TransitionButton.framework",
			);
			runOnlyForDeploymentPostprocessing = 0;
			shellPath = /bin/sh;
			shellScript = "\"${SRCROOT}/Pods/Target Support Files/Pods-Capitals & Countries Quiz/Pods-Capitals & Countries Quiz-frameworks.sh\"\n";
			showEnvVarsInLog = 0;
		};
/* End PBXShellScriptBuildPhase section */

/* Begin PBXSourcesBuildPhase section */
		2D02589B217667C5002189F0 /* Sources */ = {
			isa = PBXSourcesBuildPhase;
			buildActionMask = 2147483647;
			files = (
				2D0601B92177C88500F5797D /* ProgressHUD.h in Sources */,
				2D0601BA2177C88500F5797D /* ProgressHUD.m in Sources */,
				2D0601BB2177C88500F5797D /* Capitals & Countries Quiz-Bridging-Header.h in Sources */,
				2D4D95AA2176693B002ECBF5 /* MainViewController.swift in Sources */,
				2D4D95AC21766952002ECBF5 /* Question.swift in Sources */,
				2D0258A5217667C5002189F0 /* ViewController.swift in Sources */,
				2D4D95AE21766969002ECBF5 /* QuestionBank.swift in Sources */,
				2D0258A3217667C5002189F0 /* AppDelegate.swift in Sources */,
			);
			runOnlyForDeploymentPostprocessing = 0;
		};
/* End PBXSourcesBuildPhase section */

/* Begin PBXVariantGroup section */
		2D0258A6217667C5002189F0 /* Main.storyboard */ = {
			isa = PBXVariantGroup;
			children = (
				2D0258A7217667C5002189F0 /* Base */,
			);
			name = Main.storyboard;
			sourceTree = "<group>";
		};
/* End PBXVariantGroup section */

/* Begin XCBuildConfiguration section */
		2D0258AF217667C5002189F0 /* Debug */ = {
			isa = XCBuildConfiguration;
			buildSettings = {
				ALWAYS_SEARCH_USER_PATHS = NO;
				CLANG_ANALYZER_NONNULL = YES;
				CLANG_ANALYZER_NUMBER_OBJECT_CONVERSION = YES_AGGRESSIVE;
				CLANG_CXX_LANGUAGE_STANDARD = "gnu++14";
				CLANG_CXX_LIBRARY = "libc++";
				CLANG_ENABLE_MODULES = YES;
				CLANG_ENABLE_OBJC_ARC = YES;
				CLANG_WARN_BLOCK_CAPTURE_AUTORELEASING = YES;
				CLANG_WARN_BOOL_CONVERSION = YES;
				CLANG_WARN_COMMA = YES;
				CLANG_WARN_CONSTANT_CONVERSION = YES;
				CLANG_WARN_DIRECT_OBJC_ISA_USAGE = YES_ERROR;
				CLANG_WARN_DOCUMENTATION_COMMENTS = YES;
				CLANG_WARN_EMPTY_BODY = YES;
				CLANG_WARN_ENUM_CONVERSION = YES;
				CLANG_WARN_INFINITE_RECURSION = YES;
				CLANG_WARN_INT_CONVERSION = YES;
				CLANG_WARN_NON_LITERAL_NULL_CONVERSION = YES;
				CLANG_WARN_OBJC_LITERAL_CONVERSION = YES;
				CLANG_WARN_OBJC_ROOT_CLASS = YES_ERROR;
				CLANG_WARN_RANGE_LOOP_ANALYSIS = YES;
				CLANG_WARN_STRICT_PROTOTYPES = YES;
				CLANG_WARN_SUSPICIOUS_MOVE = YES;
				CLANG_WARN_UNGUARDED_AVAILABILITY = YES_AGGRESSIVE;
				CLANG_WARN_UNREACHABLE_CODE = YES;
				CLANG_WARN__DUPLICATE_METHOD_MATCH = YES;
				CODE_SIGN_IDENTITY = "iPhone Developer";
				COPY_PHASE_STRIP = NO;
				DEBUG_INFORMATION_FORMAT = dwarf;
				ENABLE_STRICT_OBJC_MSGSEND = YES;
				ENABLE_TESTABILITY = YES;
				GCC_C_LANGUAGE_STANDARD = gnu11;
				GCC_DYNAMIC_NO_PIC = NO;
				GCC_NO_COMMON_BLOCKS = YES;
				GCC_OPTIMIZATION_LEVEL = 0;
				GCC_PREPROCESSOR_DEFINITIONS = (
					"DEBUG=1",
					"$(inherited)",
				);
				GCC_WARN_64_TO_32_BIT_CONVERSION = YES;
				GCC_WARN_ABOUT_RETURN_TYPE = YES_ERROR;
				GCC_WARN_UNDECLARED_SELECTOR = YES;
				GCC_WARN_UNINITIALIZED_AUTOS = YES_AGGRESSIVE;
				GCC_WARN_UNUSED_FUNCTION = YES;
				GCC_WARN_UNUSED_VARIABLE = YES;
				IPHONEOS_DEPLOYMENT_TARGET = 11.0;
				MTL_ENABLE_DEBUG_INFO = YES;
				ONLY_ACTIVE_ARCH = YES;
				SDKROOT = iphoneos;
				SWIFT_ACTIVE_COMPILATION_CONDITIONS = DEBUG;
				SWIFT_OPTIMIZATION_LEVEL = "-Onone";
			};
			name = Debug;
		};
		2D0258B0217667C5002189F0 /* Release */ = {
			isa = XCBuildConfiguration;
			buildSettings = {
				ALWAYS_SEARCH_USER_PATHS = NO;
				CLANG_ANALYZER_NONNULL = YES;
				CLANG_ANALYZER_NUMBER_OBJECT_CONVERSION = YES_AGGRESSIVE;
				CLANG_CXX_LANGUAGE_STANDARD = "gnu++14";
				CLANG_CXX_LIBRARY = "libc++";
				CLANG_ENABLE_MODULES = YES;
				CLANG_ENABLE_OBJC_ARC = YES;
				CLANG_WARN_BLOCK_CAPTURE_AUTORELEASING = YES;
				CLANG_WARN_BOOL_CONVERSION = YES;
				CLANG_WARN_COMMA = YES;
				CLANG_WARN_CONSTANT_CONVERSION = YES;
				CLANG_WARN_DIRECT_OBJC_ISA_USAGE = YES_ERROR;
				CLANG_WARN_DOCUMENTATION_COMMENTS = YES;
				CLANG_WARN_EMPTY_BODY = YES;
				CLANG_WARN_ENUM_CONVERSION = YES;
				CLANG_WARN_INFINITE_RECURSION = YES;
				CLANG_WARN_INT_CONVERSION = YES;
				CLANG_WARN_NON_LITERAL_NULL_CONVERSION = YES;
				CLANG_WARN_OBJC_LITERAL_CONVERSION = YES;
				CLANG_WARN_OBJC_ROOT_CLASS = YES_ERROR;
				CLANG_WARN_RANGE_LOOP_ANALYSIS = YES;
				CLANG_WARN_STRICT_PROTOTYPES = YES;
				CLANG_WARN_SUSPICIOUS_MOVE = YES;
				CLANG_WARN_UNGUARDED_AVAILABILITY = YES_AGGRESSIVE;
				CLANG_WARN_UNREACHABLE_CODE = YES;
				CLANG_WARN__DUPLICATE_METHOD_MATCH = YES;
				CODE_SIGN_IDENTITY = "iPhone Developer";
				COPY_PHASE_STRIP = NO;
				DEBUG_INFORMATION_FORMAT = "dwarf-with-dsym";
				ENABLE_NS_ASSERTIONS = NO;
				ENABLE_STRICT_OBJC_MSGSEND = YES;
				GCC_C_LANGUAGE_STANDARD = gnu11;
				GCC_NO_COMMON_BLOCKS = YES;
				GCC_WARN_64_TO_32_BIT_CONVERSION = YES;
				GCC_WARN_ABOUT_RETURN_TYPE = YES_ERROR;
				GCC_WARN_UNDECLARED_SELECTOR = YES;
				GCC_WARN_UNINITIALIZED_AUTOS = YES_AGGRESSIVE;
				GCC_WARN_UNUSED_FUNCTION = YES;
				GCC_WARN_UNUSED_VARIABLE = YES;
				IPHONEOS_DEPLOYMENT_TARGET = 11.0;
				MTL_ENABLE_DEBUG_INFO = NO;
				SDKROOT = iphoneos;
				SWIFT_OPTIMIZATION_LEVEL = "-Owholemodule";
				VALIDATE_PRODUCT = YES;
			};
			name = Release;
		};
		2D0258B2217667C5002189F0 /* Debug */ = {
			isa = XCBuildConfiguration;
			baseConfigurationReference = 6C841A05C36445DD6E089939 /* Pods-Capitals & Countries Quiz.debug.xcconfig */;
			buildSettings = {
				ASSETCATALOG_COMPILER_APPICON_NAME = AppIcon;
				CLANG_ENABLE_MODULES = YES;
				CODE_SIGN_STYLE = Automatic;
				DEVELOPMENT_TEAM = MLM8YK22VB;
				INFOPLIST_FILE = "Capitals & Countries Quiz/Info.plist";
				LD_RUNPATH_SEARCH_PATHS = "$(inherited) @executable_path/Frameworks";
				PRODUCT_BUNDLE_IDENTIFIER = "ramysabry.Capitals---Countries-Quiz";
				PRODUCT_NAME = "$(TARGET_NAME)";
				SWIFT_OBJC_BRIDGING_HEADER = "Capitals & Countries Quiz/Supporting Files/Capitals & Countries Quiz-Bridging-Header.h";
				SWIFT_OPTIMIZATION_LEVEL = "-Onone";
				SWIFT_VERSION = 4.0;
				TARGETED_DEVICE_FAMILY = "1,2";
			};
			name = Debug;
		};
		2D0258B3217667C5002189F0 /* Release */ = {
			isa = XCBuildConfiguration;
			baseConfigurationReference = 7DF7FC82693CF8E6176F527B /* Pods-Capitals & Countries Quiz.release.xcconfig */;
			buildSettings = {
				ASSETCATALOG_COMPILER_APPICON_NAME = AppIcon;
				CLANG_ENABLE_MODULES = YES;
				CODE_SIGN_STYLE = Automatic;
				DEVELOPMENT_TEAM = MLM8YK22VB;
				INFOPLIST_FILE = "Capitals & Countries Quiz/Info.plist";
				LD_RUNPATH_SEARCH_PATHS = "$(inherited) @executable_path/Frameworks";
				PRODUCT_BUNDLE_IDENTIFIER = "ramysabry.Capitals---Countries-Quiz";
				PRODUCT_NAME = "$(TARGET_NAME)";
				SWIFT_OBJC_BRIDGING_HEADER = "Capitals & Countries Quiz/Supporting Files/Capitals & Countries Quiz-Bridging-Header.h";
				SWIFT_VERSION = 4.0;
				TARGETED_DEVICE_FAMILY = "1,2";
			};
			name = Release;
		};
/* End XCBuildConfiguration section */

/* Begin XCConfigurationList section */
		2D02589A217667C5002189F0 /* Build configuration list for PBXProject "Capitals & Countries Quiz" */ = {
			isa = XCConfigurationList;
			buildConfigurations = (
				2D0258AF217667C5002189F0 /* Debug */,
				2D0258B0217667C5002189F0 /* Release */,
			);
			defaultConfigurationIsVisible = 0;
			defaultConfigurationName = Release;
		};
		2D0258B1217667C5002189F0 /* Build configuration list for PBXNativeTarget "Capitals & Countries Quiz" */ = {
			isa = XCConfigurationList;
			buildConfigurations = (
				2D0258B2217667C5002189F0 /* Debug */,
				2D0258B3217667C5002189F0 /* Release */,
			);
			defaultConfigurationIsVisible = 0;
			defaultConfigurationName = Release;
		};
/* End XCConfigurationList section */
	};
	rootObject = 2D025897217667C5002189F0 /* Project object */;
}
